
Microsoft Visual Studio Solution File, Format Version 12.00
# Visual Studio 15
VisualStudioVersion = 15.0.26124.0
MinimumVisualStudioVersion = 15.0.26124.0
Project("{2150E333-8FDC-42A3-9474-1A3956D46DE8}") = "src", "src", "{6E41D195-8BA1-4846-8139-16129D8055A1}"
EndProject
Project("{FAE04EC0-301F-11D3-BF4B-00C04F79EFBC}") = "IdentityServer", "src\IdentityServer\IdentityServer.csproj", "{B7583831-CA23-402F-A1E3-0017B97049C6}"
EndProject
Project("{FAE04EC0-301F-11D3-BF4B-00C04F79EFBC}") = "Api", "src\Api\Api.csproj", "{EB78822A-F9F4-4510-97F0-D4FF9A9421AF}"
EndProject
Project("{FAE04EC0-301F-11D3-BF4B-00C04F79EFBC}") = "Client", "src\Client\Client.csproj", "{791B8F51-A4AB-465E-8959-767AD7BC4724}"
EndProject
Global
	GlobalSection(SolutionConfigurationPlatforms) = preSolution
		Debug|Any CPU = Debug|Any CPU
		Debug|x64 = Debug|x64
		Debug|x86 = Debug|x86
		Release|Any CPU = Release|Any CPU
		Release|x64 = Release|x64
		Release|x86 = Release|x86
	EndGlobalSection
	GlobalSection(SolutionProperties) = preSolution
		HideSolutionNode = FALSE
	EndGlobalSection
	GlobalSection(ProjectConfigurationPlatforms) = postSolution
		{B7583831-CA23-402F-A1E3-0017B97049C6}.Debug|Any CPU.ActiveCfg = Debug|Any CPU
		{B7583831-CA23-402F-A1E3-0017B97049C6}.Debug|Any CPU.Build.0 = Debug|Any CPU
		{B7583831-CA23-402F-A1E3-0017B97049C6}.Debug|x64.ActiveCfg = Debug|Any CPU
		{B7583831-CA23-402F-A1E3-0017B97049C6}.Debug|x64.Build.0 = Debug|Any CPU
		{B7583831-CA23-402F-A1E3-0017B97049C6}.Debug|x86.ActiveCfg = Debug|Any CPU
		{B7583831-CA23-402F-A1E3-0017B97049C6}.Debug|x86.Build.0 = Debug|Any CPU
		{B7583831-CA23-402F-A1E3-0017B97049C6}.Release|Any CPU.ActiveCfg = Release|Any CPU
		{B7583831-CA23-402F-A1E3-0017B97049C6}.Release|Any CPU.Build.0 = Release|Any CPU
		{B7583831-CA23-402F-A1E3-0017B97049C6}.Release|x64.ActiveCfg = Release|Any CPU
		{B7583831-CA23-402F-A1E3-0017B97049C6}.Release|x64.Build.0 = Release|Any CPU
		{B7583831-CA23-402F-A1E3-0017B97049C6}.Release|x86.ActiveCfg = Release|Any CPU
		{B7583831-CA23-402F-A1E3-0017B97049C6}.Release|x86.Build.0 = Release|Any CPU
		{EB78822A-F9F4-4510-97F0-D4FF9A9421AF}.Debug|Any CPU.ActiveCfg = Debug|Any CPU
		{EB78822A-F9F4-4510-97F0-D4FF9A9421AF}.Debug|Any CPU.Build.0 = Debug|Any CPU
		{EB78822A-F9F4-4510-97F0-D4FF9A9421AF}.Debug|x64.ActiveCfg = Debug|Any CPU
		{EB78822A-F9F4-4510-97F0-D4FF9A9421AF}.Debug|x64.Build.0 = Debug|Any CPU
		{EB78822A-F9F4-4510-97F0-D4FF9A9421AF}.Debug|x86.ActiveCfg = Debug|Any CPU
		{EB78822A-F9F4-4510-97F0-D4FF9A9421AF}.Debug|x86.Build.0 = Debug|Any CPU
		{EB78822A-F9F4-4510-97F0-D4FF9A9421AF}.Release|Any CPU.ActiveCfg = Release|Any CPU
		{EB78822A-F9F4-4510-97F0-D4FF9A9421AF}.Release|Any CPU.Build.0 = Release|Any CPU
		{EB78822A-F9F4-4510-97F0-D4FF9A9421AF}.Release|x64.ActiveCfg = Release|Any CPU
		{EB78822A-F9F4-4510-97F0-D4FF9A9421AF}.Release|x64.Build.0 = Release|Any CPU
		{EB78822A-F9F4-4510-97F0-D4FF9A9421AF}.Release|x86.ActiveCfg = Release|Any CPU
		{EB78822A-F9F4-4510-97F0-D4FF9A9421AF}.Release|x86.Build.0 = Release|Any CPU
		{791B8F51-A4AB-465E-8959-767AD7BC4724}.Debug|Any CPU.ActiveCfg = Debug|Any CPU
		{791B8F51-A4AB-465E-8959-767AD7BC4724}.Debug|Any CPU.Build.0 = Debug|Any CPU
		{791B8F51-A4AB-465E-8959-767AD7BC4724}.Debug|x64.ActiveCfg = Debug|Any CPU
		{791B8F51-A4AB-465E-8959-767AD7BC4724}.Debug|x64.Build.0 = Debug|Any CPU
		{791B8F51-A4AB-465E-8959-767AD7BC4724}.Debug|x86.ActiveCfg = Debug|Any CPU
		{791B8F51-A4AB-465E-8959-767AD7BC4724}.Debug|x86.Build.0 = Debug|Any CPU
		{791B8F51-A4AB-465E-8959-767AD7BC4724}.Release|Any CPU.ActiveCfg = Release|Any CPU
		{791B8F51-A4AB-465E-8959-767AD7BC4724}.Release|Any CPU.Build.0 = Release|Any CPU
		{791B8F51-A4AB-465E-8959-767AD7BC4724}.Release|x64.ActiveCfg = Release|Any CPU
		{791B8F51-A4AB-465E-8959-767AD7BC4724}.Release|x64.Build.0 = Release|Any CPU
		{791B8F51-A4AB-465E-8959-767AD7BC4724}.Release|x86.ActiveCfg = Release|Any CPU
		{791B8F51-A4AB-465E-8959-767AD7BC4724}.Release|x86.Build.0 = Release|Any CPU
	EndGlobalSection
	GlobalSection(NestedProjects) = preSolution
		{B7583831-CA23-402F-A1E3-0017B97049C6} = {6E41D195-8BA1-4846-8139-16129D8055A1}
		{EB78822A-F9F4-4510-97F0-D4FF9A9421AF} = {6E41D195-8BA1-4846-8139-16129D8055A1}
		{791B8F51-A4AB-465E-8959-767AD7BC4724} = {6E41D195-8BA1-4846-8139-16129D8055A1}
	EndGlobalSection
EndGlobal
